{
  "name": "alpine-animation",
  "version": "0.0.1",
  "lockfileVersion": 2,
  "requires": true,
  "packages": {
    "": {
      "name": "alpine-animation",
      "version": "0.0.1",
      "license": "MIT",
      "dependencies": {
        "@formkit/auto-animate": "^0.8.2"
      },
      "devDependencies": {}
    },
    "node_modules/@formkit/auto-animate": {
      "version": "0.8.2",
      "resolved": "https://registry.npmjs.org/@formkit/auto-animate/-/auto-animate-0.8.2.tgz",
      "integrity": "sha512-SwPWfeRa5veb1hOIBMdzI+73te5puUBHmqqaF1Bu7FjvxlYSz/kJcZKSa9Cg60zL0uRNeJL2SbRxV6Jp6Q1nFQ=="
    }
  },
  "dependencies": {
    "@formkit/auto-animate": {
      "version": "0.8.2",
      "resolved": "https://registry.npmjs.org/@formkit/auto-animate/-/auto-animate-0.8.2.tgz",
      "integrity": "sha512-SwPWfeRa5veb1hOIBMdzI+73te5puUBHmqqaF1Bu7FjvxlYSz/kJcZKSa9Cg60zL0uRNeJL2SbRxV6Jp6Q1nFQ=="
    }
  }
}
